{
  "name": "@gr2m/universal-dependency",
  "version": "1.0.0",
  "lockfileVersion": 1,
  "requires": true,
  "dependencies": {
    "@gr2m/universal-sub-dependency": {
      "version": "1.0.0",
      "resolved": "https://registry.npmjs.org/@gr2m/universal-sub-dependency/-/universal-sub-dependency-1.0.0.tgz",
      "integrity": "sha512-mxW3wYWR8+P8eEKEgtmTQRbxqa5TPE0+hKvPlrX3dbunWUGFQ8qWmMSP9vEDSP12b32zl6v4pYf5T1XgxbTOTg=="
    }
  }
}
