{
  "name": "@gr2m/universal-dependency",
  "version": "2.0.0",
  "lockfileVersion": 1,
  "requires": true,
  "dependencies": {
    "@gr2m/universal-sub-dependency": {
      "version": "2.0.0",
      "resolved": "https://registry.npmjs.org/@gr2m/universal-sub-dependency/-/universal-sub-dependency-2.0.0.tgz",
      "integrity": "sha512-LMzk3ojZvB1vOkjJa6x7kvRB8KdXGhwmwYpn+jEKkJEaPU7zCQkn41rZGpKmyGmsnHFObEnQvzAMDacxpL79Nw=="
    }
  }
}
